
Microsoft Visual Studio Solution File, Format Version 12.00
# Visual Studio 2017
Project("{FAE04EC0-301F-11D3-BF4B-00C04F79EFBC}") = "sampleAR", "sampleAR.csproj", "{7E5CF5D4-2BD9-A87F-D7E3-B51BC63D7F83}"
EndProject
Project("{FAE04EC0-301F-11D3-BF4B-00C04F79EFBC}") = "sampleAR.Editor", "sampleAR.Editor.csproj", "{C71D978C-1E98-66F3-10B8-627223741213}"
EndProject
Global
	GlobalSection(SolutionConfigurationPlatforms) = preSolution
		Debug|Any CPU = Debug|Any CPU
		Release|Any CPU = Release|Any CPU
	EndGlobalSection
	GlobalSection(ProjectConfigurationPlatforms) = postSolution
		{7E5CF5D4-2BD9-A87F-D7E3-B51BC63D7F83}.Debug|Any CPU.ActiveCfg = Debug|Any CPU
		{7E5CF5D4-2BD9-A87F-D7E3-B51BC63D7F83}.Debug|Any CPU.Build.0 = Debug|Any CPU
		{7E5CF5D4-2BD9-A87F-D7E3-B51BC63D7F83}.Release|Any CPU.ActiveCfg = Release|Any CPU
		{7E5CF5D4-2BD9-A87F-D7E3-B51BC63D7F83}.Release|Any CPU.Build.0 = Release|Any CPU
		{C71D978C-1E98-66F3-10B8-627223741213}.Debug|Any CPU.ActiveCfg = Debug|Any CPU
		{C71D978C-1E98-66F3-10B8-627223741213}.Debug|Any CPU.Build.0 = Debug|Any CPU
		{C71D978C-1E98-66F3-10B8-627223741213}.Release|Any CPU.ActiveCfg = Release|Any CPU
		{C71D978C-1E98-66F3-10B8-627223741213}.Release|Any CPU.Build.0 = Release|Any CPU
	EndGlobalSection
	GlobalSection(SolutionProperties) = preSolution
		HideSolutionNode = FALSE
	EndGlobalSection
EndGlobal
